
Microsoft Visual Studio Solution File, Format Version 12.00
# Visual Studio Version 17
VisualStudioVersion = 17.4.33213.308
MinimumVisualStudioVersion = 10.0.40219.1
Project("{9A19103F-16F7-4668-BE54-9A1E7A4F7556}") = "FieryrestaurantAPI", "FieryrestaurantAPI.csproj", "{006DCF15-C318-4BAB-B535-E54A4B3B7E07}"
EndProject
Global
	GlobalSection(SolutionConfigurationPlatforms) = preSolution
		Debug|Any CPU = Debug|Any CPU
		Release|Any CPU = Release|Any CPU
	EndGlobalSection
	GlobalSection(ProjectConfigurationPlatforms) = postSolution
		{006DCF15-C318-4BAB-B535-E54A4B3B7E07}.Debug|Any CPU.ActiveCfg = Debug|Any CPU
		{006DCF15-C318-4BAB-B535-E54A4B3B7E07}.Debug|Any CPU.Build.0 = Debug|Any CPU
		{006DCF15-C318-4BAB-B535-E54A4B3B7E07}.Release|Any CPU.ActiveCfg = Release|Any CPU
		{006DCF15-C318-4BAB-B535-E54A4B3B7E07}.Release|Any CPU.Build.0 = Release|Any CPU
	EndGlobalSection
	GlobalSection(SolutionProperties) = preSolution
		HideSolutionNode = FALSE
	EndGlobalSection
	GlobalSection(ExtensibilityGlobals) = postSolution
		SolutionGuid = {679ECCBF-2D99-4DC5-912B-A00DD043FB65}
	EndGlobalSection
EndGlobal
